# This file was autogenerated by Stack.
# You should not edit this file by hand.
# For more information, please see the documentation at:
#   https://docs.haskellstack.org/en/stable/lock_files

packages:
- completed:
    hackage: RtMidi-0.6.1.0@sha256:8c9694126352ae2b8935554ff25a4f2d8541ec0f39805300c4ca9fd0620604ef,3806
    pantry-tree:
      sha256: 406147390d64947da0062a10837108797d0be59cf3157b4e375fa66cd3490e67
      size: 860
  original:
    hackage: RtMidi-0.6.1.0
- completed:
    commit: 81b3c8f294d23c19a8428159ee3dedc187255797
    git: git@github.com:ejconlon/modfile.git
    name: modfile
    pantry-tree:
      sha256: 4c3ad15ad51051aa65b984e66e6ae1caea8ad2f8273d63e392f2cd91a7a26ba9
      size: 2588
    version: 0.1.0.0
  original:
    commit: 81b3c8f294d23c19a8428159ee3dedc187255797
    git: git@github.com:ejconlon/modfile.git
snapshots:
- completed:
    sha256: 9fa4bece7acfac1fc7930c5d6e24606004b09e80aa0e52e9f68b148201008db9
    size: 649606
    url: https://raw.githubusercontent.com/commercialhaskell/stackage-snapshots/master/lts/20/18.yaml
  original: lts-20.18
