# This file was autogenerated by Stack.
# You should not edit this file by hand.
# For more information, please see the documentation at:
#   https://docs.haskellstack.org/en/stable/lock_files

packages:
- completed:
    hackage: RtMidi-0.5.0.3@sha256:12b158bc11101b7f0a6fed4b4991cc9d15388301292337b6a369177812c759ad,3861
    pantry-tree:
      sha256: 2e8f8590698e951409fcd344a315f4b382b42a122ad6839f050d7de6bdaf714d
      size: 906
  original:
    hackage: RtMidi-0.5.0.3
- completed:
    commit: 81b3c8f294d23c19a8428159ee3dedc187255797
    git: git@github.com:ejconlon/modfile.git
    name: modfile
    pantry-tree:
      sha256: 4c3ad15ad51051aa65b984e66e6ae1caea8ad2f8273d63e392f2cd91a7a26ba9
      size: 2588
    version: 0.1.0.0
  original:
    commit: 81b3c8f294d23c19a8428159ee3dedc187255797
    git: git@github.com:ejconlon/modfile.git
snapshots:
- completed:
    sha256: 14ca51a9a597c32dd7804c10d079feea3d0ae40c5fbbb346cbd67b3ae49f6d01
    size: 649598
    url: https://raw.githubusercontent.com/commercialhaskell/stackage-snapshots/master/lts/20/17.yaml
  original: lts-20.17
